lockVersion: 2.0.0
id: 3830c7a6-2d03-49bf-9209-f49570712039
management:
  docChecksum: 299960e0d6c06b7e930b78905d3f6da4
  docVersion: 1.0.0
  speakeasyVersion: 1.700.2
  generationVersion: 2.801.2
  releaseVersion: 0.4.0
  configChecksum: fea83b15accaeb485c5d6f090e120713
  published: true
persistentEdits:
  generation_id: 4a4ae3f1-7b12-4d16-b1a8-9ef9d8e6deb8
  pristine_commit_hash: 7eacdbfa9e2587ef5a4d95997ec212b3621367b2
  pristine_tree_hash: 4f650e6464b3fa73d3ff56b533a5bdca08b13d7f
features:
  python:
    additionalDependencies: 1.0.0
    constsAndDefaults: 1.0.5
    core: 5.23.18
    defaultEnabledRetries: 0.2.0
    devContainers: 3.0.0
    enumUnions: 0.1.0
    envVarSecurityUsage: 0.3.2
    flatRequests: 1.0.1
    flattening: 3.1.1
    globalSecurity: 3.0.4
    globalSecurityCallbacks: 1.0.0
    globalSecurityFlattening: 1.0.0
    globalServerURLs: 3.2.0
    methodArguments: 1.0.2
    nameOverrides: 3.0.1
    nullables: 1.0.2
    pagination: 3.0.7
    responseFormat: 1.0.1
    retries: 3.0.3
    sdkHooks: 1.2.1
trackedFiles:
  .devcontainer/README.md:
    id: b170c0f184ac
    last_write_checksum: sha1:3c63dfd4dcea8df0d4add09e975a6887e6da4aab
    pristine_git_object: 396929ab2e57cf09dd25ec83bd4496f733b95701
  .devcontainer/devcontainer.json:
    id: b34062a34eb1
    last_write_checksum: sha1:94309e8c8eab5ab063986bf625f513a59825e947
    pristine_git_object: 75edff51e68d2934c825764459ba3071044ce2ab
  .devcontainer/setup.sh:
    id: 5f1dfbfeb8eb
    last_write_checksum: sha1:234faaf21a8a7028346590d1eb3fac0429f4991c
    pristine_git_object: b39c28c38cf46135982ab5576b4723ea777bf510
  .gitattributes:
    id: 24139dae6567
    last_write_checksum: sha1:53134de3ada576f37c22276901e1b5b6d85cd2da
    pristine_git_object: 4d75d59008e4d8609876d263419a9dc56c8d6f3a
  .vscode/settings.json:
    id: 89aa447020cd
    last_write_checksum: sha1:f84632c81029fcdda8c3b0c768d02b836fc80526
    pristine_git_object: 8d79f0abb72526f1fb34a4c03e5bba612c6ba2ae
  USAGE.md:
    id: 3aed33ce6e6f
    last_write_checksum: sha1:80b71576ca2004fef10a8c4cb7f5e078b9c3106a
    pristine_git_object: 8ed6feeb88730374aa4424cb11fd3fe331744adc
  docs/errors/error.md:
    id: 098e4ba23534
    last_write_checksum: sha1:5e890591a060e5bdd90e1fa069ea512d507a57cb
    pristine_git_object: 7ec25e4ac7a968b304f41571a774ef4f03c3f781
  docs/errors/insufficientcreditserror.md:
    id: a65f8b80fff4
    last_write_checksum: sha1:8a30d1e863e8d6b11f60f4b4ffca50f63012cf8b
    pristine_git_object: 7a0bcbdc3709478487ce8cb357335ab1b123a6ea
  docs/models/createtriplesresponse.md:
    id: 3ec629849865
    last_write_checksum: sha1:a5b7220a52b01856225b4826e750a9693424179e
    pristine_git_object: 0f40aeb09674872adb1924be028a36a5134a1722
  docs/models/deleteentityrequest.md:
    id: 46e5cab69e2e
    last_write_checksum: sha1:0dfa25b8006e2ea23b9bbe9865e47a9ee8c8fdc1
    pristine_git_object: d7fc213c1908d2e79fbc43b185c66430d0d7b8b7
  docs/models/deletegraphrequest.md:
    id: d8e74c04982b
    last_write_checksum: sha1:6d4a75e7b559223b04351f7b0b26a3d523d13577
    pristine_git_object: f8c031d21a8078904139714164380fb01e7b9522
  docs/models/deleteindexrequest.md:
    id: f624c6e22356
    last_write_checksum: sha1:fccf588e4b9b083d05dded67fd1c3d5b238da7e4
    pristine_git_object: 00f520123274250745d79168e004b4b87aa47ba5
  docs/models/deletetriplesrequest.md:
    id: 06382dcc10f1
    last_write_checksum: sha1:1ca7f84e40455eef6380522a49b298bf55197873
    pristine_git_object: 870e7c507457f36e21ded3be1b3c912b0fa5496b
  docs/models/deletetriplesresponse.md:
    id: 8b6211886800
    last_write_checksum: sha1:360650e9ac4705b70231a077c2b0e376fea04e83
    pristine_git_object: db5d4091897282d829984eb9390b870725a8fdc2
  docs/models/entitieslistresponse.md:
    id: b90d10179c28
    last_write_checksum: sha1:6b7f25dfebdc4aadc7ef9da47f456d706d7cef04
    pristine_git_object: 02390753bee0be764a4bd09552a0321c7fb2737a
  docs/models/entity.md:
    id: 903c73579a5c
    last_write_checksum: sha1:1978f678e8a93a0fe2d983ffaaa5fb6b06bb5eaa
    pristine_git_object: 63f69dde7669f0eb06ea172ad2466c64bd4f329e
  docs/models/entitycreate.md:
    id: 39f96eb33195
    last_write_checksum: sha1:62906f78b04a9c5aa4b390cfcb93d52626d833ef
    pristine_git_object: 0285b417ad567da983e1f417dd15a41b9724bf5d
  docs/models/entityresponse.md:
    id: 85420089fc74
    last_write_checksum: sha1:afaf916831aa4a7f0148e23f37ef0fb31af2f8b7
    pristine_git_object: 50d4287c47938334c47e87f5499f0823b4b289cf
  docs/models/entityupdate.md:
    id: abd7c47ecccb
    last_write_checksum: sha1:2eca49d2d030d6c5dd689131a4f8eb2652951dd3
    pristine_git_object: 3542f05db662be20c43249b8267fc4f4d82717e6
  docs/models/format_.md:
    id: a17c22228eda
    last_write_checksum: sha1:98073b94a8caae9396a9c41290bbfd7db173f9cb
    pristine_git_object: d23e156459bb3d95c9bda8c63cf8aa1d95b3b577
  docs/models/generaterequest.md:
    id: 4f9a3b46a0a6
    last_write_checksum: sha1:5c20abe92c4b1977616bb7c6b1c2aeba609041ab
    pristine_git_object: 26ab2e3d0f9c32342c35ec128d4fc04b28bf235b
  docs/models/generatetriplesrequest.md:
    id: 545a4b7e658c
    last_write_checksum: sha1:53820c5556687e067cd1cf1464a5397956691bfc
    pristine_git_object: a9755cf73cccdf6dccf7ee9622081fd3b970bc44
  docs/models/generatetriplesresponse.md:
    id: f708af4515ea
    last_write_checksum: sha1:fa8106ae0d755998469cc2b1f8e706e1734f8788
    pristine_git_object: 4ea502ce19fc48167bf6bc45bbba1633ef1d59f6
  docs/models/getentityrequest.md:
    id: 0e22ee9eb2b5
    last_write_checksum: sha1:bb1bc0087b17408810c1d4a95abc007d7b0a2167
    pristine_git_object: 0ea4aa114b1ccd3d34446f711dce653bbd702fb5
  docs/models/getgraphrequest.md:
    id: 19ffc1f0921b
    last_write_checksum: sha1:b0faa230c898b5c4e2999a7617680b44b7af831c
    pristine_git_object: c4e8587d8802987771ce751e315bca81c48142a3
  docs/models/getindexrequest.md:
    id: 1d6053dc9f16
    last_write_checksum: sha1:030257d6224a9d79d0b8ed38ebfc13f713d9a00b
    pristine_git_object: a0ae1c245589476b7f04ff539b45095c9350e2bf
  docs/models/graph.md:
    id: 6e1fa5ac3ee6
    last_write_checksum: sha1:65281c014a47eb832dc830a6e9f3881c9db114b1
    pristine_git_object: 967972f51e7b0cb132184483b2d5a4a95644aeaa
  docs/models/graphcreate.md:
    id: 1649c2060418
    last_write_checksum: sha1:488e9e14d329678ea1d9dca36907ad4f456ced41
    pristine_git_object: eb431066c76db0f0c4f0d6d52be2df73b37679e6
  docs/models/graphcreatemetadata.md:
    id: 5aeafdfb6a2f
    last_write_checksum: sha1:b791b9c44ceb4aed71154a89a3f6ddf89b8a1934
    pristine_git_object: 66afc4cb847076e33a37152f5db5804237710e50
  docs/models/graphmetadata.md:
    id: df67b0d61751
    last_write_checksum: sha1:ceb10c8e0f90bc02d3c96aab2c0885d875316d83
    pristine_git_object: 07a83e19f3529c07830083cf5c0bb1133db13c06
  docs/models/graphresponse.md:
    id: 64180a2af0d6
    last_write_checksum: sha1:1c1eecb83b6b46bd1d6bb97fb42586fda0503a76
    pristine_git_object: 40b0034f5f60061056321d23dffc405eda827c69
  docs/models/graphslistresponse.md:
    id: 2dc52260c56b
    last_write_checksum: sha1:faa61546ef37b035dd917c6f6636b779b27c23ad
    pristine_git_object: 25bada9ea1f069163ead7b00905dbdf688bf825c
  docs/models/graphupdate.md:
    id: 001bbd7a60d2
    last_write_checksum: sha1:a8bccc859d27ce6160dd222d274ba93ad4d3aec6
    pristine_git_object: 79c4d186c1c29d6293348783c59b723816aa4887
  docs/models/graphupdatemetadata.md:
    id: 7cf7f0de827e
    last_write_checksum: sha1:8463d687a4633733ea39e9a78281d07f772cc38f
    pristine_git_object: 0b27798bf07fe424e9d96708bc2adaeda80d79d7
  docs/models/index.md:
    id: bc5633b7e304
    last_write_checksum: sha1:6c751c4a1ea1e112058b1d524afe4e11a5fd4e75
    pristine_git_object: 1abd8f29e733100c1609f39d62070b9f3f011073
  docs/models/indexcreate.md:
    id: 7332b3ec833e
    last_write_checksum: sha1:f4a225ed4046e175e9de9614c329733b8b4727e2
    pristine_git_object: c51824892f5226f2d7caa9003571c9d2d845bc09
  docs/models/indexeslistresponse.md:
    id: 105efb851d1e
    last_write_checksum: sha1:4f5373d97a7af726a0ef5f79b2726b40b0229ff8
    pristine_git_object: 3af0a1b74f9c8495797b4088e7b0e3506e8a43ef
  docs/models/indexresponse.md:
    id: c463f0c9726b
    last_write_checksum: sha1:936d05576793f95eb4d9cb54a3b79d7d317bae2e
    pristine_git_object: 9801c228000c087a7b9ccf0507dd1d2430fcf84d
  docs/models/indexupdate.md:
    id: fbe694353034
    last_write_checksum: sha1:3b276efde11debce871f834f4f49a6cb1ac7b6a1
    pristine_git_object: e92fe6f64fa80b9021fc8e7f727b63ed695d5e0d
  docs/models/listentitiesrequest.md:
    id: 561ac207e315
    last_write_checksum: sha1:146d94d281ccc0cf2b5e46aa53d572268f80fbc2
    pristine_git_object: 9f103f0760d86dd2cb7ad7b131783e845305ea60
  docs/models/listentitiesresponse.md:
    id: 795662eb1108
    last_write_checksum: sha1:c28cee59ef223fbcd837d340e614aaf165d49c09
    pristine_git_object: 3ff31339d1dd5be7e3aa736629f09e632a017e38
  docs/models/listgraphsrequest.md:
    id: f139bb9f2e15
    last_write_checksum: sha1:2500008ed359cb4baf3c667a16fea7f163044902
    pristine_git_object: bf7facd31ae4d9e4e62de042be8038c155fae92e
  docs/models/listgraphsresponse.md:
    id: c72cecc104e0
    last_write_checksum: sha1:743a17d81abef4f5dd4a1993bebcdb9e4c91ecde
    pristine_git_object: d90ab7616238728a3cde098143aa987baa57ff8b
  docs/models/listindexesrequest.md:
    id: e1f6f254059a
    last_write_checksum: sha1:ec132390e14fdb60926908e6ea05f3629d28df47
    pristine_git_object: 14e78f038a34b1dced85a956aad71660e53bf8c9
  docs/models/listindexesresponse.md:
    id: 45993f96aee6
    last_write_checksum: sha1:80aa517920a6e07b62b2aa3fbcaf6829f2a7d19f
    pristine_git_object: e6f68d0c09243264b7ef447ec21e19e28ef01059
  docs/models/querytriplesrequest.md:
    id: 622cfe2082f8
    last_write_checksum: sha1:0671fd808c89eb5cea84ad1ac1523f1bf6ac0bba
    pristine_git_object: 4bd55dc4f0dc33dc112ddf323b723ec83eafb91e
  docs/models/querytriplesresponse.md:
    id: fb938473449a
    last_write_checksum: sha1:0b84ba047cae3abdb7a5b22b10df344480345946
    pristine_git_object: c7ddccc1ad437c71a7879cd714de39cb29ed4868
  docs/models/searchrequest.md:
    id: bc36c5e5aee1
    last_write_checksum: sha1:896f62e51dca09199140fa75bfbf9f7e946456aa
    pristine_git_object: e2b24e032d5ca5e217b429c415bca8c6d8adb2bb
  docs/models/searchtype.md:
    id: 6ebec6f9c3aa
    last_write_checksum: sha1:297326c1f92049b84f4851aa06943cb54df285f5
    pristine_git_object: 74480457cea4d8dc3bf0a4a313a766a05f803a9a
  docs/models/security.md:
    id: 452e4d4eb67a
    last_write_checksum: sha1:b92237f55b89698b718cee58634a51a5cdb29edb
    pristine_git_object: 8ca6325b43081d6b8849bf8cfab3d65678d3d386
  docs/models/semanticsearchcount.md:
    id: 147990df47aa
    last_write_checksum: sha1:91c6d9601da12c043f407d1c24f2a3dd439f37ed
    pristine_git_object: ad2e68c0c88faeed91627fd29f85aa394bf11eeb
  docs/models/semanticsearchdata.md:
    id: 76de17b7c03e
    last_write_checksum: sha1:54fd5ddb819f601b152237edc9af1f8627e76b2b
    pristine_git_object: 68a12477972b4804741a33601f48bd6ece7068d2
  docs/models/semanticsearchdataentity.md:
    id: 9adb35948af2
    last_write_checksum: sha1:9d8e3a3d9ed113cf2f71bf5bf33385aad67d8919
    pristine_git_object: 820f7d4f67b3db0a65bee4c2011e3cd3ce605493
  docs/models/semanticsearchdatagraph.md:
    id: 00fbcb7f7ecf
    last_write_checksum: sha1:af78eb973a85f9f252e318cb86cca1bfeb8992ef
    pristine_git_object: 6257608732c8637e0690260b6656d248f9b7a049
  docs/models/semanticsearchdatametadata.md:
    id: 6e0c48dcaad1
    last_write_checksum: sha1:90356cc35cb8aed5ae98966a6889ffeff32f84fc
    pristine_git_object: 249890f12c6d2ea56fa358899ddbcc28b21fbd48
  docs/models/semanticsearchdataobjecttype.md:
    id: 84c30c8ff991
    last_write_checksum: sha1:e097e4c055eb33fa8dfacebef3da3d6466676cec
    pristine_git_object: 8220874f2846704da2059d4950dd9145d5d3623a
  docs/models/semanticsearchdatatriple.md:
    id: dfd01d16474e
    last_write_checksum: sha1:5e155965f85eb4711098fdc78d45adeacb3f7541
    pristine_git_object: 2fc6038cdcc8e4635685a3c5a9c32334e5d680f4
  docs/models/semanticsearchgetrequest.md:
    id: 981b18e796e9
    last_write_checksum: sha1:61031274ec012f9cee7d6a09ced2fa07eccbf83b
    pristine_git_object: 487553f15af1fa8e7c92fc4807596c67d8a0147d
  docs/models/semanticsearchgetresponse.md:
    id: 53a6dd5bd2c8
    last_write_checksum: sha1:893376abdaffbcc411faab1b3044f3dbffabb761
    pristine_git_object: 793bb58675fb20efd9523975c28824495afd5de0
  docs/models/semanticsearchresponse.md:
    id: 95b96fbcf644
    last_write_checksum: sha1:b7e4b9aa738cfaa40e4f4ad1939dd722a572788a
    pristine_git_object: 41481cc5b35289c74522b523699f9757dec9900e
  docs/models/successmessage.md:
    id: 3954e9238080
    last_write_checksum: sha1:05084fe1fa7ac30f19ab4e1e5b0128d60c220d0b
    pristine_git_object: 5f4ace5f1fbe12adf17610b3d26c1611580fdd12
  docs/models/triple.md:
    id: dfc8c6bf0145
    last_write_checksum: sha1:e0adbd98049cacfcb0f1967fcf5e75abe06fbacb
    pristine_git_object: 5529ad72152f8f9a2590b20a0a645a2ca8c39430
  docs/models/triplebatchcreate.md:
    id: ee4d2e27f2ef
    last_write_checksum: sha1:9867ec47ffea3cd4fc57e0b5f7f07b3aeb9821f1
    pristine_git_object: 74add62534ff298a88f1fdad3ec5a89cfddde09f
  docs/models/triplecreate.md:
    id: 28873ed197e6
    last_write_checksum: sha1:afe7fdb3856352f3dc21000d739e6b00b9671fec
    pristine_git_object: 12f9ef3276495355fddadb387e1b45cc4ba1ae7e
  docs/models/triplecreateobjecttype.md:
    id: efc3f68842eb
    last_write_checksum: sha1:4157a723d773319cc6919a810a55dd45e55b337a
    pristine_git_object: e9ce7e6b3bf4b923f242e6d38c7b6e1e01ef57d9
  docs/models/tripleobjecttype.md:
    id: 886daabfa254
    last_write_checksum: sha1:ead459993fbf64bef115fc12b27bda221390cbc6
    pristine_git_object: be1f2d8f7e3523054af0aaca2d406bdf6200c11d
  docs/models/tripleslistresponse.md:
    id: 90092dd0d11d
    last_write_checksum: sha1:76f121e963386bf5cab09d0f09a42acf9f22a1e9
    pristine_git_object: 36e5ea755284815dffb200646574f91339b3207e
  docs/models/tripleupdate.md:
    id: 4121b8a7f4c1
    last_write_checksum: sha1:28f593a10efc2dd3446b776702fedb5a980ccb59
    pristine_git_object: bda7f50bc2f332e8dbb2a12439de9362fc908a4f
  docs/models/updateentityrequest.md:
    id: 12614eb38fa0
    last_write_checksum: sha1:fdc50b76550a006dec1fec6f0932f6915b65b0df
    pristine_git_object: 1eab629c4aeac17314580c198f094ab78925be55
  docs/models/updategraphrequest.md:
    id: 8cc8dff7c0bb
    last_write_checksum: sha1:6169885ef6f10e2f5a9879f5b219756a6b2459fc
    pristine_git_object: 1993c486b661c305e9a9efa6bb4a39d440d8c415
  docs/models/updateindexrequest.md:
    id: 62e43bc785c9
    last_write_checksum: sha1:df63856071f9731967eef74e19c9b9323df429ae
    pristine_git_object: 609dfb05ba96c20f898af2a9fa30d143f16b4ef2
  docs/models/updatetripleresponse.md:
    id: 9322c53c2d87
    last_write_checksum: sha1:a412bf7d02e7c25701bfa1f1d45c8006dbb8328e
    pristine_git_object: 3c3b4c300d588cdc111131eb69484db7dbd8a3a7
  docs/models/utils/retryconfig.md:
    id: 4343ac43161c
    last_write_checksum: sha1:562c0f21e308ad10c27f85f75704c15592c6929d
    pristine_git_object: 69dd549ec7f5f885101d08dd502e25748183aebf
  docs/sdks/entities/README.md:
    id: a140ac5181b9
    last_write_checksum: sha1:f723765bdccdc72dc2e70a754fbedd048ff1323a
    pristine_git_object: 8d937a92e562298c8abba77994efef42e245ffd2
  docs/sdks/generation/README.md:
    id: 46b1ec4dc772
    last_write_checksum: sha1:ffec865e65614318541ff320ceb07edaca3252a0
    pristine_git_object: 3ad3270e4ff9f99bbdc5f87899ed752fb2191cd5
  docs/sdks/graphs/README.md:
    id: f2f7c462abbe
    last_write_checksum: sha1:df10cd8ea2d4fde5610263bd14d988c5f7054e19
    pristine_git_object: d5fe9208cf8d51ae8c42842bfeda24d059114839
  docs/sdks/indexes/README.md:
    id: cb33d31c2990
    last_write_checksum: sha1:beb8c83a3000255e0cc11d12c15197746411e19d
    pristine_git_object: dbaf3ce28feca1517d704ed5b2b96cf003e9d8b9
  docs/sdks/search/README.md:
    id: 5c534716244c
    last_write_checksum: sha1:d792a3b16001127c6c771225e79a1eae2b4713e2
    pristine_git_object: a99d090fb863c192a18d0011b13c8b4bd9af779b
  docs/sdks/triples/README.md:
    id: b030e5a0a33b
    last_write_checksum: sha1:cf7e57beb3fa3aace1f7f5211479db868030a40d
    pristine_git_object: 58d910d1e221ce4ad15157d9866b11eff22009f7
  py.typed:
    id: 258c3ed47ae4
    last_write_checksum: sha1:8efc425ffe830805ffcc0f3055871bdcdc542c60
    pristine_git_object: 3e38f1a929f7d6b1d6de74604aa87e3d8f010544
  pylintrc:
    id: 7ce8b9f946e6
    last_write_checksum: sha1:fe86c083e576c2ba3214f56e90a4facd12f40420
    pristine_git_object: 39bf75e004ae72eeae3cbef0f49cf5749f08690f
  pyproject.toml:
    id: 5d07e7d72637
    last_write_checksum: sha1:4c0a2d2e3a1d1834f3718bcdf9173605a25123d0
    pristine_git_object: 1efe3e61bb5d91b044dc56baf2a89a33ebb2787d
  scripts/publish.sh:
    id: fe273b08f514
    last_write_checksum: sha1:adc9b741c12ad1591ab4870eabe20f0d0a86cd1a
    pristine_git_object: ef28dc10c60d7d6a4bac0c6a1e9caba36b471861
  src/neode/__init__.py:
    id: 1f788aa4853a
    last_write_checksum: sha1:da077c0bdfcef64a4a5aea91a17292f72fa2b088
    pristine_git_object: 833c68cd526fe34aab2b7e7c45f974f7f4b9e120
  src/neode/_hooks/__init__.py:
    id: 1215ccaaf67e
    last_write_checksum: sha1:45a380490e968d8d95994dd97554ac60eeb6ae60
    pristine_git_object: e763be4b171bbcf9c16caeaf381f8c92ce8d8e6e
  src/neode/_hooks/sdkhooks.py:
    id: bfcdc8157b1a
    last_write_checksum: sha1:46f6f079a28f59b8225434a6ba91e8f449ae7380
    pristine_git_object: 358bc4f6c10be2c3bd32138a1a92204978df313e
  src/neode/_hooks/types.py:
    id: bbc84473d360
    last_write_checksum: sha1:33f36b7c407cb749fb64949cbe806e5dab3de7b3
    pristine_git_object: e6d42f004e4abf711bbaf58dee511666b81fae3d
  src/neode/_version.py:
    id: 43196da9377f
    last_write_checksum: sha1:d7500fa29b5b9f4e12aac052ed59ad66df339f7e
    pristine_git_object: 61f420ba5900f54551abb0cf8d07baa6b81ff007
  src/neode/basesdk.py:
    id: ace29dab4ecb
    last_write_checksum: sha1:fa73d17d6da5ba9e4d70d8167ed0148a7c170ed6
    pristine_git_object: 520038fa2b0c21474dde4bddb0f440219332a9d0
  src/neode/entities.py:
    id: 86c2216ba4d9
    last_write_checksum: sha1:4f53381cf0b9ddc2ac5fea09c90603977c0fda54
    pristine_git_object: d8e26e1a233a81b0d06a56b60e2238b3999f5360
  src/neode/errors/__init__.py:
    id: 57c03bc60b47
    last_write_checksum: sha1:855a94256daff30b3c50bbcf717b893eb7fe79e0
    pristine_git_object: 521f731d409f59376f71fa2e223e9672c61935b5
  src/neode/errors/error.py:
    id: 3f4cbc87e51a
    last_write_checksum: sha1:3cf44413945d54b24437625c891dcd0baa415555
    pristine_git_object: 76d4e147c8813ceb18687700c2377acfbef291be
  src/neode/errors/insufficientcreditserror.py:
    id: c32889453987
    last_write_checksum: sha1:934e956a42f15c4f3b71a9cede6846d7f0756200
    pristine_git_object: 2f1f5ecb824099d4e28df451f97f7ccdc077965c
  src/neode/errors/neodedefaulterror.py:
    id: e6edb34b7fda
    last_write_checksum: sha1:b8816764c3f009925d5fc5d85dbed8ca4df4b327
    pristine_git_object: 5ada8c95b05d855090710cf8068c9b122211a5ab
  src/neode/errors/neodeerror.py:
    id: 0d55a8b726c2
    last_write_checksum: sha1:25f061837a34f1b6cc1a019a64e4a3dcc254edaf
    pristine_git_object: 868036ded2bd4c6915cff7c7ea5fa52a88d9b95c
  src/neode/errors/no_response_error.py:
    id: 32afc17c536c
    last_write_checksum: sha1:7f326424a7d5ae1bcd5c89a0d6b3dbda9138942f
    pristine_git_object: 1deab64bc43e1e65bf3c412d326a4032ce342366
  src/neode/errors/responsevalidationerror.py:
    id: 97b9a2f4c816
    last_write_checksum: sha1:05dd7e52edd06e60d117f6d5ba4ec07e24fb7cc1
    pristine_git_object: 688ec2a050689f505fc2b8fd073132649cc8d72f
  src/neode/generation.py:
    id: 0bd730aa37b7
    last_write_checksum: sha1:b63554f4ef5fe29ff6ea5e1f0e88699938269fdf
    pristine_git_object: ddfa83431dafef103882a25229972a6f64a8d1b0
  src/neode/graphs.py:
    id: 3aa9eb6cdc1a
    last_write_checksum: sha1:94895844cf42dcddecb9e0ff431ab12b0a80cf8b
    pristine_git_object: db3dbeb59e3f74a85ec32108e1d9b2447ac7dcf1
  src/neode/httpclient.py:
    id: 2f7a24947284
    last_write_checksum: sha1:5e55338d6ee9f01ab648cad4380201a8a3da7dd7
    pristine_git_object: 89560b566073785535643e694c112bedbd3db13d
  src/neode/indexes.py:
    id: 5f1325e1b9f5
    last_write_checksum: sha1:b8dccf858ee841c340b0892cc4970494ad151068
    pristine_git_object: 9e069dda76a9e2ac3a0ac8e085628d4d197dfe2a
  src/neode/models/__init__.py:
    id: a4877aba650c
    last_write_checksum: sha1:ddfb62134cd3fd74d900be200b3ca4004793cc44
    pristine_git_object: 3b9ba9520dfae1c04b774b2bb5fd76eda4da23bd
  src/neode/models/createtriplesresponse.py:
    id: 31e806eac8cd
    last_write_checksum: sha1:97fb6e0b46946d8b2896a2886c602c5efe1749de
    pristine_git_object: b4ecb4fa4a869f02ded36e180bcaad593291ddfa
  src/neode/models/deleteentityop.py:
    id: bcc6a0039b15
    last_write_checksum: sha1:1c76187dae2e0266391666171c66da4d95bc800c
    pristine_git_object: c840753e706dc18b2fe1375986b42a3465325a27
  src/neode/models/deletegraphop.py:
    id: 92735dda99f8
    last_write_checksum: sha1:7138080dfeeaaad99c5012352b43b635799f3626
    pristine_git_object: a349534403ae6dec6fb59623a550f79aba0b8dd5
  src/neode/models/deleteindexop.py:
    id: 4a913ae884e8
    last_write_checksum: sha1:e6eed70b0eb64a2fce6adda03bd4b9e4962e4317
    pristine_git_object: fda3c597f966ef84255a5ab20a6da7f9d97f765b
  src/neode/models/deletetriplesop.py:
    id: 5ae8df01136e
    last_write_checksum: sha1:dd2bbc832d3017ce9377b31209cb36afc2a26786
    pristine_git_object: 527532c9ae3255f819ea0c6882842cc88a03cc9a
  src/neode/models/deletetriplesresponse.py:
    id: c88221722897
    last_write_checksum: sha1:961e6cb5d8c8aa0a54d57352dce8185079bf01ec
    pristine_git_object: bb2953dce21b0d97b1f41e2f10925d32928c6a87
  src/neode/models/entitieslistresponse.py:
    id: 5b11888faacb
    last_write_checksum: sha1:055f7823724fd07eaf452a8e5c52d5ef55aa6bc7
    pristine_git_object: 36032b6fe894f7594628b4521ca8c6cc7c989e63
  src/neode/models/entity.py:
    id: "269371436660"
    last_write_checksum: sha1:af278a446cb925ecbe84d220d5b5c99e50d0d441
    pristine_git_object: 371ffc8658f8421922d05070b24085a1ab85b87c
  src/neode/models/entitycreate.py:
    id: 681f975bfcae
    last_write_checksum: sha1:97b820fb81ff06f60b104c88b3588fd6e24ecc1e
    pristine_git_object: 5d66ca6e14e024a3281c6b67d6d8768487cb277f
  src/neode/models/entityresponse.py:
    id: c545e949b6af
    last_write_checksum: sha1:3723f390e7d3873b5b64f725a76762a3a154ecfc
    pristine_git_object: c739c142507d3c291a51b419dbe07f323833cdc7
  src/neode/models/entityupdate.py:
    id: 6729fd95febb
    last_write_checksum: sha1:8f6461138b75516178870dffa46d68ed1fb1d1b1
    pristine_git_object: 3da9e20cd5c13333e42e58aa1c1acaa55f02b3cd
  src/neode/models/generaterequest.py:
    id: 458a0e3bebb3
    last_write_checksum: sha1:e4ec38261ce86ef62492a4b3a5307a21aadff6aa
    pristine_git_object: 33c0786d5af9b2ecde04d7df8c61d7b6907e31fc
  src/neode/models/generatetriplesop.py:
    id: 0f79b6c6e92a
    last_write_checksum: sha1:9901f6d696b7eb219bb4f8a7c8adff73804f3334
    pristine_git_object: b4df8129246bc6beaf234ec5359470d6e3895f03
  src/neode/models/generatetriplesresponse.py:
    id: 37a19d3ca10b
    last_write_checksum: sha1:0a63fdcfae7be3cc589440b741f0220f15202ea7
    pristine_git_object: 0cb5f5dad47314fecfee5dcd11620c6832a940a7
  src/neode/models/getentityop.py:
    id: d29a1ce59b3e
    last_write_checksum: sha1:2bbdab1908c08fec5bdba7ff09348354d7261ee9
    pristine_git_object: c84295030a1f54c400f68175b04fda7b28c47735
  src/neode/models/getgraphop.py:
    id: 2fdca43240be
    last_write_checksum: sha1:2a39f7b7ba21720087be0e364cee6a1c866af3a8
    pristine_git_object: 838bb828eebf84d59e06351066c5c67b9372290a
  src/neode/models/getindexop.py:
    id: f6948c86965d
    last_write_checksum: sha1:7ed8e7d3c6f615f783f3a762583db04faf23b453
    pristine_git_object: 62332f005748ee0d17768de121ceba10c10622eb
  src/neode/models/graph.py:
    id: 1a2d1e3f1bbf
    last_write_checksum: sha1:ff157c1f174784f0774814f642c1391c241a1bf6
    pristine_git_object: 847718bdb9db01fb889f44ee5b421a257f1ac29c
  src/neode/models/graphcreate.py:
    id: 3a26c697f0d3
    last_write_checksum: sha1:4d42e7bc6899f1fa8d790a0e672ec0e6f95d1722
    pristine_git_object: 86ce50d62436e745e3241c93bc60ef284a226bd5
  src/neode/models/graphresponse.py:
    id: 53da4a672221
    last_write_checksum: sha1:e5893fa4187870b1648ce7b2e2cd666718b0f58c
    pristine_git_object: 9cd2821a2cd11d41a90ec6aa3cebb6eed33a5586
  src/neode/models/graphslistresponse.py:
    id: a74be1759319
    last_write_checksum: sha1:aabc91e73f92b66a926bccaba32eb2f2a1e1fe48
    pristine_git_object: 8fd158aafda4f08e824a8c3f3c57a374fb3f37fb
  src/neode/models/graphupdate.py:
    id: 6defa42c9335
    last_write_checksum: sha1:cb4be929f8978c9db0ee9a631e81a2373a6de494
    pristine_git_object: 601e820afc9203f266c6e56bc3748444eb5dddb2
  src/neode/models/index.py:
    id: 08281c38dd66
    last_write_checksum: sha1:118c5df23cedd9f3e008b72f1dae34334d150574
    pristine_git_object: f738cf6de011b854f5f876416dc64b9bec9f7a44
  src/neode/models/indexcreate.py:
    id: a64228a19cd1
    last_write_checksum: sha1:f0f3a68ee33d0e2e7acacf830d5e6b98a3d69169
    pristine_git_object: 888b7e56c1309e146aa46c3c40b7354a7e5808b8
  src/neode/models/indexeslistresponse.py:
    id: 9459c87f5ca0
    last_write_checksum: sha1:f348d8aa7f3dfe04b08b6eb40452c8a161eb14ea
    pristine_git_object: 67d932b8e8a6ae443962dbef9b60da9e0e61e588
  src/neode/models/indexresponse.py:
    id: e683916e8ef7
    last_write_checksum: sha1:59f23343f6ffecd8c404b965ba2f458498521935
    pristine_git_object: 131d5bd118e1e9e80b0e0dcc381db31997270621
  src/neode/models/indexupdate.py:
    id: 774ee837f7db
    last_write_checksum: sha1:49685b44ebd878dba16c09cf58f6fdeec23df6a8
    pristine_git_object: 98038e1e5135b3beb67c8027c1363a7960f5ae07
  src/neode/models/listentitiesop.py:
    id: 985fdeb2518d
    last_write_checksum: sha1:bf07bb73f8da74eb636c64d0fd2c1a19cf5ed28e
    pristine_git_object: 9aab2c6d76d5e8198af1bc77d842fd0a2751eeec
  src/neode/models/listgraphsop.py:
    id: 51de01938362
    last_write_checksum: sha1:520506d67ac7bbffa44f7909c09ce19d9529a12a
    pristine_git_object: ba5b0530c69564e6713ef6e1f28d27b937a33671
  src/neode/models/listindexesop.py:
    id: cad522c5a988
    last_write_checksum: sha1:8c192371e653231cac11bf6d077680b4e10aee5a
    pristine_git_object: 5e653de1b5c95807039f0d142e3842ee6b4946e6
  src/neode/models/querytriplesop.py:
    id: 1363a6e37cb2
    last_write_checksum: sha1:7a67509db64ada6c4c9f2b0fa32c509b30fef18d
    pristine_git_object: 203ea7031a487d7352ae00f1cf9e3ddc29efcf1e
  src/neode/models/searchrequest.py:
    id: 87e489459894
    last_write_checksum: sha1:a7170787ed14fa668d1c67c557f2b79be81a83a5
    pristine_git_object: 009148343ad2bb21d3ba87f70f11df52fabd96bb
  src/neode/models/searchtype.py:
    id: 8a95dd563b69
    last_write_checksum: sha1:85b99bce86fbed17ca5d66c5c3cffa10ff7dee6d
    pristine_git_object: 5279c218e39ce107541ebe3a85abfff2431aedb2
  src/neode/models/security.py:
    id: f1f9d7e42e69
    last_write_checksum: sha1:d8359c6054be509ba54a5c5e04bb91dae5a1ef0e
    pristine_git_object: bd59382b05df16584889e18e0b3a5636ededdbb4
  src/neode/models/semanticsearchcount.py:
    id: 56b8690b7d65
    last_write_checksum: sha1:af295b3f6dae5b0e70ad4979df8ef628629c3cea
    pristine_git_object: c5698cec0c00e219027e61e3f9cf7c3077cd57d8
  src/neode/models/semanticsearchdata.py:
    id: 1c4b7c95666d
    last_write_checksum: sha1:e9923fd3793d451f44268a5ae2bd52cf7a4deeaf
    pristine_git_object: 0f0d01b9cc5008b83feb9c6223064749f2fbae18
  src/neode/models/semanticsearchgetop.py:
    id: 292ecf2ef40e
    last_write_checksum: sha1:552767b4aed86e6539f3bbf7153724c266c64699
    pristine_git_object: c72ed37bb56c4e23585baf8c4e9668125dd6c60e
  src/neode/models/semanticsearchresponse.py:
    id: 0beae94e393e
    last_write_checksum: sha1:eefe546f025c0371885c50b9e89bc974e9aaddd7
    pristine_git_object: a16da8440ed7321ef8a85f1d0543cd6061d75d67
  src/neode/models/successmessage.py:
    id: ec71e6932674
    last_write_checksum: sha1:2f017a93271abc5e238f7d6455b364a84879f221
    pristine_git_object: 439682ed3c16462a158a7db1f0873a97a947a4db
  src/neode/models/triple.py:
    id: 66f619799163
    last_write_checksum: sha1:c72ff58107287a9bcca34b5171b649a022eafc3a
    pristine_git_object: c2dd403813b969cfb1e663758513ce7ea83d4d3c
  src/neode/models/triplebatchcreate.py:
    id: 40771c794c71
    last_write_checksum: sha1:ce9b8739cf28c1a463317a5f3bc7e2641dd9de90
    pristine_git_object: f85f53d5267709b8156ba91a8575c9c5950f2513
  src/neode/models/triplecreate.py:
    id: 2c83f07802bf
    last_write_checksum: sha1:b2f4b87b40a0d083cb724733ad605d564593d3cc
    pristine_git_object: 102f3123fbcd6d78100a49385ce31732f1656abc
  src/neode/models/tripleslistresponse.py:
    id: 074ebbcab137
    last_write_checksum: sha1:0739f83da43568c147f6e6c64d7f79dd528cad0c
    pristine_git_object: 66cff59f6b2e1f6698bb46f2445cace83bf23072
  src/neode/models/tripleupdate.py:
    id: 6b5ee0c3df4a
    last_write_checksum: sha1:5570a61315ab50b77304a5d4c34cb9b9986348be
    pristine_git_object: 122e1722fdc3774ea5b467f5a8df5a9be091359e
  src/neode/models/updateentityop.py:
    id: f989d3c96111
    last_write_checksum: sha1:72bc131a314d02c1a0ba40bfe5fcaed8b5d7afd5
    pristine_git_object: b1973225a60ff9563ea3985cb423e306f015a167
  src/neode/models/updategraphop.py:
    id: 8859c4088790
    last_write_checksum: sha1:0084ac7826ffe7ef30db618e1af06c8f4559047c
    pristine_git_object: d31260a1c337a602369d4f2988639a013ba942f5
  src/neode/models/updateindexop.py:
    id: 87f061f051ec
    last_write_checksum: sha1:03fc0a57e94c412fb52db179772f4d9494d15dcc
    pristine_git_object: b3c0f2d3219c169ea01d6573c5211b24a19d93e7
  src/neode/models/updatetripleresponse.py:
    id: e5a611023465
    last_write_checksum: sha1:91ea7620b90caa24d794e0ba440fd47f35ff1df7
    pristine_git_object: d6cfbf4df2aa807dfe1646900f41c3589b9cf922
  src/neode/py.typed:
    id: 0d291328eb31
    last_write_checksum: sha1:8efc425ffe830805ffcc0f3055871bdcdc542c60
    pristine_git_object: 3e38f1a929f7d6b1d6de74604aa87e3d8f010544
  src/neode/sdk.py:
    id: 07605ed46c54
    last_write_checksum: sha1:dde1bf2a2a5050f813fb44616eb6d1879d830063
    pristine_git_object: d360bd11c2faef05b8a5e0aef6d35b9e045ee97d
  src/neode/sdkconfiguration.py:
    id: dd14b89253d5
    last_write_checksum: sha1:a145344d4e90f6a49b805bad72b682bd5bbe2d96
    pristine_git_object: 7cf2208e99ca1f52d5eeaed3e9c9fc127dd35dff
  src/neode/search.py:
    id: 1c0172e77dad
    last_write_checksum: sha1:c2e1da3404e27974f9f91e2932c2d883d36296e3
    pristine_git_object: a90ff7a3b04571adb68c1dabd8b6423e4f186048
  src/neode/triples.py:
    id: 8885bc9c9b90
    last_write_checksum: sha1:a2d050bb2a4b0188df8738eb5f79d668f9a9a564
    pristine_git_object: d164fb844ac709588d81ea11acf6305d8d7698a4
  src/neode/types/__init__.py:
    id: c3ccd0e15703
    last_write_checksum: sha1:140ebdd01a46f92ffc710c52c958c4eba3cf68ed
    pristine_git_object: fc76fe0c5505e29859b5d2bb707d48fd27661b8c
  src/neode/types/basemodel.py:
    id: 4c7bdb6f2fbf
    last_write_checksum: sha1:10d84aedeb9d35edfdadf2c3020caa1d24d8b584
    pristine_git_object: a9a640a1a7048736383f96c67c6290c86bf536ee
  src/neode/utils/__init__.py:
    id: 043a125680d4
    last_write_checksum: sha1:ffaf69e6877a274b08066215f5a31a1b344f5402
    pristine_git_object: f4525b2057c3d54fb3b9eff6248fd172478ce94c
  src/neode/utils/annotations.py:
    id: a5a5cca8f0b6
    last_write_checksum: sha1:a4824ad65f730303e4e1e3ec1febf87b4eb46dbc
    pristine_git_object: 12e0aa4f1151bb52474cc02e88397329b90703f6
  src/neode/utils/datetimes.py:
    id: e2b314d542b2
    last_write_checksum: sha1:c721e4123000e7dc61ec52b28a739439d9e17341
    pristine_git_object: a6c52cd61bbe2d459046c940ce5e8c469f2f0664
  src/neode/utils/enums.py:
    id: dc15774c0b51
    last_write_checksum: sha1:bc8c3c1285ae09ba8a094ee5c3d9c7f41fa1284d
    pristine_git_object: 3324e1bc2668c54c4d5f5a1a845675319757a828
  src/neode/utils/eventstreaming.py:
    id: d7abe47d745c
    last_write_checksum: sha1:bababae5d54b7efc360db701daa49e18a92c2f3b
    pristine_git_object: 0969899bfc491e5e408d05643525f347ea95e4fc
  src/neode/utils/forms.py:
    id: 01f8ce99fe6b
    last_write_checksum: sha1:0ca31459b99f761fcc6d0557a0a38daac4ad50f4
    pristine_git_object: 1e550bd5c2c35d977ddc10f49d77c23cb12c158d
  src/neode/utils/headers.py:
    id: 72a0f898b0a1
    last_write_checksum: sha1:7c6df233ee006332b566a8afa9ce9a245941d935
    pristine_git_object: 37864cbbbc40d1a47112bbfdd3ba79568fc8818a
  src/neode/utils/logger.py:
    id: 6c96b46a3d61
    last_write_checksum: sha1:d240de7097cc97f2089a237c697a1093e7862552
    pristine_git_object: 3a1209439439ba40bcf8bdbd1cec3dfc2b98e270
  src/neode/utils/metadata.py:
    id: f8fad232bc84
    last_write_checksum: sha1:c6a560bd0c63ab158582f34dadb69433ea73b3d4
    pristine_git_object: 173b3e5ce658675c2f504222a56b3daaaa68107d
  src/neode/utils/queryparams.py:
    id: 44293122a60e
    last_write_checksum: sha1:b94c3f314fd3da0d1d215afc2731f48748e2aa59
    pristine_git_object: c04e0db82b68eca041f2cb2614d748fbac80fd41
  src/neode/utils/requestbodies.py:
    id: 883adaca2e66
    last_write_checksum: sha1:41e2d2d2d3ecc394c8122ca4d4b85e1c3e03f054
    pristine_git_object: 1de32b6d26f46590232f398fdba6ce0072f1659c
  src/neode/utils/retries.py:
    id: dc6ccaf10623
    last_write_checksum: sha1:5b97ac4f59357d70c2529975d50364c88bcad607
    pristine_git_object: 88a91b10cd2076b4a2c6cff2ac6bfaa5e3c5ad13
  src/neode/utils/security.py:
    id: 6c5630bae06a
    last_write_checksum: sha1:184ea6d6ff18e94b4f110eee8e8761ee7ea061f0
    pristine_git_object: 891330b71641d59ace98e1cc8a16dd095dc4ece5
  src/neode/utils/serializers.py:
    id: 38ee0247310c
    last_write_checksum: sha1:ce1d8d7f500a9ccba0aeca5057cee9c271f4dfd7
    pristine_git_object: 14321eb479de81d0d9580ec8291e0ff91bf29e57
  src/neode/utils/unmarshal_json_response.py:
    id: eb281b09614e
    last_write_checksum: sha1:92371cc472e4e71ebad4cdf4bbd3ca57d77fdc26
    pristine_git_object: 56cb40ac7eec8166ae6704e1ec2bc6e0e23aea0c
  src/neode/utils/url.py:
    id: 293c570ed2d1
    last_write_checksum: sha1:6479961baa90432ca25626f8e40a7bbc32e73b41
    pristine_git_object: c78ccbae426ce6d385709d97ce0b1c2813ea2418
  src/neode/utils/values.py:
    id: 3b49d5eccc5e
    last_write_checksum: sha1:acaa178a7c41ddd000f58cc691e4632d925b2553
    pristine_git_object: dae01a44384ac3bc13ae07453a053bf6c898ebe3
examples:
  queryTriples:
    speakeasy-default-query-triples:
      parameters:
        query:
          limit: 50
          offset: 0
      responses:
        "200":
          application/json: {}
        "400":
          application/json: {"success": false}
        "500":
          application/json: {"success": false}
  createTriples:
    single:
      requestBody:
        application/json: {"triples": [{"subject": "Elon Musk", "predicate": "founded", "object": "SpaceX", "object_type": "entity", "confidence": 0.95, "source": "https://wikipedia.org/wiki/SpaceX"}], "index_id": "550e8400-e29b-41d4-a716-446655440000"}
      responses:
        "200":
          application/json: {}
        "400":
          application/json: {"success": false}
        "500":
          application/json: {"success": false}
    batch:
      requestBody:
        application/json: {"triples": [{"subject": "Tesla", "predicate": "headquarters_in", "object": "Austin, Texas", "object_type": "entity", "confidence": 0.9}, {"subject": "Tesla", "predicate": "founded_year", "object": "2003", "object_type": "literal", "confidence": 0.95}], "index_id": "550e8400-e29b-41d4-a716-446655440000"}
      responses:
        "200":
          application/json: {}
        "400":
          application/json: {"success": false}
        "500":
          application/json: {"success": false}
    speakeasy-default-create-triples:
      requestBody:
        application/json: {"triples": [], "index_id": "0b286f46-d979-4ab3-997a-68457cea3cd9"}
      responses:
        "200":
          application/json: {}
        "400":
          application/json: {"success": false}
        "500":
          application/json: {"success": false}
  updateTriple:
    speakeasy-default-update-triple:
      requestBody:
        application/json: {"id": "09e374df-0d13-4f0b-af04-6e489ba8e428"}
      responses:
        "200":
          application/json: {}
        "400":
          application/json: {"success": false}
        "500":
          application/json: {"success": false}
  deleteTriples:
    speakeasy-default-delete-triples:
      responses:
        "200":
          application/json: {}
        "400":
          application/json: {"success": false}
        "500":
          application/json: {"success": false}
  generateTriples:
    simple:
      parameters:
        query:
          format: "json"
      requestBody:
        application/json: {"query": "Extract facts about Tesla's Q4 2025 earnings", "index_id": "550e8400-e29b-41d4-a716-446655440000", "web_search": true, "triple_count": 10, "news_search": false}
      responses:
        "200":
          application/json: {}
        "400":
          application/json: {"success": false}
        "402":
          application/json: {"success": false}
        "500":
          application/json: {"success": false}
    withWebSearch:
      parameters:
        query:
          format: "json"
      requestBody:
        application/json: {"query": "What are the latest developments in quantum computing?", "index_id": "550e8400-e29b-41d4-a716-446655440000", "web_search": true, "triple_count": 15, "news_search": false}
      responses:
        "200":
          application/json: {}
        "400":
          application/json: {"success": false}
        "402":
          application/json: {"success": false}
        "500":
          application/json: {"success": false}
    speakeasy-default-generate-triples:
      parameters:
        query:
          format: "json"
      requestBody:
        application/json: {"query": "<value>", "index_id": "e9bb4c55-4a8a-4322-97ce-9a567e1b22fe", "web_search": true, "triple_count": 10, "news_search": false}
      responses:
        "200":
          application/json: {}
        "400":
          application/json: {"success": false}
        "402":
          application/json: {"success": false}
        "500":
          application/json: {"success": false}
  listEntities:
    speakeasy-default-list-entities:
      parameters:
        query:
          exact: false
          limit: 50
          offset: 0
      responses:
        "200":
          application/json: {}
        "400":
          application/json: {"success": false}
        "500":
          application/json: {"success": false}
  createEntity:
    speakeasy-default-create-entity:
      requestBody:
        application/json: {"name": "<value>"}
      responses:
        "200":
          application/json: {}
        "400":
          application/json: {"success": false}
        "500":
          application/json: {"success": false}
  getEntity:
    speakeasy-default-get-entity:
      parameters:
        path:
          id: "d919603f-4abe-4b60-83d8-56320a0a9875"
      responses:
        "200":
          application/json: {}
        "404":
          application/json: {"success": false}
        "500":
          application/json: {"success": false}
  updateEntity:
    speakeasy-default-update-entity:
      parameters:
        path:
          id: "d181c8e9-9612-4e8d-b176-bf3218d3e4c9"
      requestBody:
        application/json: {}
      responses:
        "200":
          application/json: {}
        "400":
          application/json: {"success": false}
        "500":
          application/json: {"success": false}
  deleteEntity:
    speakeasy-default-delete-entity:
      parameters:
        path:
          id: "603fb0b8-b005-4f8f-b4f0-6d3e338d4ab9"
      responses:
        "200":
          application/json: {}
        "404":
          application/json: {"success": false}
        "500":
          application/json: {"success": false}
  listGraphs:
    speakeasy-default-list-graphs:
      parameters:
        query:
          limit: 50
          offset: 0
      responses:
        "200":
          application/json: {}
        "400":
          application/json: {"success": false}
        "500":
          application/json: {"success": false}
  createGraph:
    speakeasy-default-create-graph:
      requestBody:
        application/json: {"name": "<value>"}
      responses:
        "200":
          application/json: {}
        "400":
          application/json: {"success": false}
        "500":
          application/json: {"success": false}
  getGraph:
    speakeasy-default-get-graph:
      parameters:
        path:
          id: "e80002d6-317d-4bf6-8a6f-0e1b5532a7d8"
      responses:
        "200":
          application/json: {}
        "404":
          application/json: {"success": false}
        "500":
          application/json: {"success": false}
  deleteGraph:
    speakeasy-default-delete-graph:
      parameters:
        path:
          id: "36c00bb2-7b2d-44d3-b87f-0e9a30a59845"
        query:
          deleteTriples: false
      responses:
        "200":
          application/json: {}
        "404":
          application/json: {"success": false}
        "500":
          application/json: {"success": false}
  listIndexes:
    speakeasy-default-list-indexes:
      parameters:
        query:
          limit: 50
          offset: 0
      responses:
        "200":
          application/json: {}
        "400":
          application/json: {"success": false}
        "500":
          application/json: {"success": false}
  createIndex:
    speakeasy-default-create-index:
      requestBody:
        application/json: {"name": "<value>"}
      responses:
        "200":
          application/json: {}
        "400":
          application/json: {"success": false}
        "500":
          application/json: {"success": false}
  semanticSearchGet:
    speakeasy-default-semantic-search-get:
      parameters:
        query:
          q: "<value>"
          types: "entities,triples"
          limit: 20
          threshold: 0.3
          offset: 0
      responses:
        "200":
          application/json: {}
        "400":
          application/json: {"success": false}
        "500":
          application/json: {"success": false}
  semanticSearch:
    basic:
      requestBody:
        application/json: {"query": "electric vehicle companies", "types": ["entities", "triples"], "limit": 20, "threshold": 0.3}
      responses:
        "200":
          application/json: {}
        "400":
          application/json: {"success": false}
        "500":
          application/json: {"success": false}
    filtered:
      requestBody:
        application/json: {"query": "who founded SpaceX", "types": ["triples"], "index_id": "550e8400-e29b-41d4-a716-446655440000", "limit": 10, "threshold": 0.5}
      responses:
        "200":
          application/json: {}
        "400":
          application/json: {"success": false}
        "500":
          application/json: {"success": false}
    speakeasy-default-semantic-search:
      requestBody:
        application/json: {"query": "<value>", "limit": 20, "threshold": 0.3}
      responses:
        "200":
          application/json: {}
        "400":
          application/json: {"success": false}
        "500":
          application/json: {"success": false}
  updateGraph:
    speakeasy-default-update-graph:
      parameters:
        path:
          id: "5ffa3028-72a3-4980-9297-f42bc8b15f14"
      requestBody:
        application/json: {}
      responses:
        "200":
          application/json: {}
        "400":
          application/json: {"success": false}
        "500":
          application/json: {"success": false}
  getIndex:
    speakeasy-default-get-index:
      parameters:
        path:
          id: "d3c99902-a26e-4cc2-b667-92943e206a8d"
      responses:
        "200":
          application/json: {}
        "404":
          application/json: {"success": false}
        "500":
          application/json: {"success": false}
  updateIndex:
    speakeasy-default-update-index:
      parameters:
        path:
          id: "d30d49d3-196c-4e7a-ae21-dbd9e8d3bae0"
      requestBody:
        application/json: {}
      responses:
        "200":
          application/json: {}
        "400":
          application/json: {"success": false}
        "500":
          application/json: {"success": false}
  deleteIndex:
    speakeasy-default-delete-index:
      parameters:
        path:
          id: "fdeecde6-d243-4f7f-a14f-afd8d537c824"
        query:
          deleteEntities: false
      responses:
        "200":
          application/json: {}
        "404":
          application/json: {"success": false}
        "500":
          application/json: {"success": false}
examplesVersion: 1.0.2
