docs/models/successmessage.md
docs/models/semanticsearchdatatriple.md
src/neode/generation.py
src/neode/models/searchtype.py
.vscode/settings.json
docs/models/semanticsearchdatagraph.md
py.typed
src/neode/models/getentityop.py
pylintrc
docs/models/listgraphsresponse.md
pyproject.toml
docs/models/semanticsearchdata.md
scripts/publish.sh
src/neode/models/entityupdate.py
src/neode/__init__.py
src/neode/_version.py
src/neode/models/generatetriplesresponse.py
docs/models/semanticsearchdataobjecttype.md
src/neode/basesdk.py
src/neode/_hooks/__init__.py
src/neode/httpclient.py
src/neode/py.typed
src/neode/types/__init__.py
src/neode/models/triplebatchcreate.py
src/neode/types/basemodel.py
docs/models/entitycreate.md
.devcontainer/README.md
src/neode/utils/__init__.py
src/neode/utils/annotations.py
src/neode/utils/datetimes.py
src/neode/utils/dynamic_imports.py
src/neode/utils/enums.py
src/neode/models/listgraphsop.py
src/neode/utils/eventstreaming.py
src/neode/utils/forms.py
src/neode/utils/headers.py
src/neode/utils/logger.py
src/neode/utils/metadata.py
src/neode/utils/queryparams.py
src/neode/utils/requestbodies.py
src/neode/utils/retries.py
src/neode/search.py
src/neode/utils/security.py
src/neode/errors/insufficientcreditserror.py
docs/models/indexeslistresponse.md
src/neode/utils/serializers.py
docs/models/format_.md
src/neode/utils/unmarshal_json_response.py
src/neode/utils/url.py
src/neode/utils/values.py
src/neode/errors/responsevalidationerror.py
src/neode/errors/neodeerror.py
src/neode/errors/neodedefaulterror.py
src/neode/errors/no_response_error.py
docs/models/entitieslistresponse.md
src/neode/models/semanticsearchresponse.py
src/neode/models/updateentityop.py
docs/models/listentitiesrequest.md
docs/models/updatetripleresponse.md
docs/models/querytriplesresponse.md
docs/models/getgraphrequest.md
src/neode/entities.py
src/neode/models/deleteentityop.py
src/neode/models/deletetriplesop.py
docs/models/graphcreate.md
docs/models/tripleslistresponse.md
.devcontainer/devcontainer.json
docs/models/graphcreatemetadata.md
docs/models/deleteindexrequest.md
src/neode/models/entityresponse.py
src/neode/errors/error.py
src/neode/models/updateindexop.py
docs/models/listindexesresponse.md
docs/models/listgraphsrequest.md
src/neode/models/querytriplesop.py
src/neode/models/triplecreate.py
src/neode/models/generatetriplesop.py
src/neode/models/getindexop.py
docs/models/graph.md
docs/models/indexupdate.md
src/neode/models/indexupdate.py
docs/models/semanticsearchgetrequest.md
docs/models/searchrequest.md
src/neode/models/graphresponse.py
docs/models/deletetriplesresponse.md
docs/models/semanticsearchgetresponse.md
src/neode/models/tripleupdate.py
docs/models/graphmetadata.md
docs/models/entity.md
src/neode/models/graphupdate.py
docs/models/security.md
docs/models/updategraphrequest.md
src/neode/_hooks/sdkhooks.py
docs/models/semanticsearchcount.md
docs/models/tripleupdate.md
src/neode/graphs.py
docs/models/generatetriplesrequest.md
docs/models/triplecreateobjecttype.md
src/neode/models/graph.py
docs/models/listindexesrequest.md
docs/models/graphupdate.md
src/neode/models/deletegraphop.py
docs/models/getentityrequest.md
src/neode/models/deleteindexop.py
src/neode/models/semanticsearchdata.py
src/neode/models/deletetriplesresponse.py
docs/models/tripleobjecttype.md
docs/models/graphupdatemetadata.md
src/neode/sdk.py
src/neode/sdkconfiguration.py
docs/models/semanticsearchdataentity.md
src/neode/models/entitieslistresponse.py
src/neode/models/security.py
docs/models/semanticsearchresponse.md
docs/models/querytriplesrequest.md
src/neode/models/tripleslistresponse.py
src/neode/models/triple.py
docs/models/triple.md
src/neode/models/successmessage.py
docs/models/graphslistresponse.md
docs/models/searchtype.md
src/neode/models/semanticsearchgetop.py
src/neode/models/listentitiesop.py
docs/models/listentitiesresponse.md
src/neode/errors/__init__.py
docs/models/entityresponse.md
docs/models/generaterequest.md
src/neode/triples.py
src/neode/models/listindexesop.py
docs/models/updateentityrequest.md
docs/models/createtriplesresponse.md
docs/models/triplebatchcreate.md
docs/models/semanticsearchdatametadata.md
docs/models/deletegraphrequest.md
src/neode/models/__init__.py
src/neode/models/graphslistresponse.py
docs/models/deletetriplesrequest.md
docs/models/utils/retryconfig.md
src/neode/models/searchrequest.py
docs/models/indexcreate.md
src/neode/models/index.py
docs/models/deleteentityrequest.md
docs/models/graphresponse.md
docs/models/utils/retryconfig.md
USAGE.md
src/neode/models/updatetripleresponse.py
docs/models/index.md
src/neode/models/semanticsearchcount.py
src/neode/models/getgraphop.py
docs/models/utils/retryconfig.md
docs/models/utils/retryconfig.md
docs/models/utils/retryconfig.md
docs/sdks/entities/README.md
docs/models/utils/retryconfig.md
docs/sdks/generation/README.md
docs/models/utils/retryconfig.md
docs/models/utils/retryconfig.md
docs/models/utils/retryconfig.md
docs/models/utils/retryconfig.md
docs/models/utils/retryconfig.md
docs/sdks/graphs/README.md
docs/models/utils/retryconfig.md
docs/models/utils/retryconfig.md
docs/models/utils/retryconfig.md
docs/models/utils/retryconfig.md
docs/models/utils/retryconfig.md
docs/sdks/indexes/README.md
docs/models/utils/retryconfig.md
docs/models/utils/retryconfig.md
docs/sdks/search/README.md
docs/models/utils/retryconfig.md
docs/models/utils/retryconfig.md
docs/models/utils/retryconfig.md
docs/models/utils/retryconfig.md
docs/sdks/triples/README.md
docs/models/indexresponse.md
.devcontainer/setup.sh
docs/errors/error.md
docs/models/entityupdate.md
src/neode/models/updategraphop.py
src/neode/_hooks/types.py
src/neode/indexes.py
docs/models/getindexrequest.md
src/neode/models/entity.py
docs/models/triplecreate.md
src/neode/models/createtriplesresponse.py
src/neode/models/indexcreate.py
src/neode/models/generaterequest.py
docs/errors/insufficientcreditserror.md
src/neode/models/indexresponse.py
.gitattributes
docs/models/updateindexrequest.md
src/neode/models/indexeslistresponse.py
docs/models/generatetriplesresponse.md
src/neode/models/graphcreate.py
src/neode/models/entitycreate.py
