speakeasyVersion: 1.700.2
sources:
    Neode API:
        sourceNamespace: neode-api
        sourceRevisionDigest: sha256:9c9067c39d83142a34a5b8fc9efa6a270f55b850c5a98f0b138d2090ab5fcf54
        sourceBlobDigest: sha256:5b54e9ab85f1ee6603b06f3418ebbf4fa985d2fdb9441ef42ad3cbad2df77d9f
        tags:
            - latest
            - 1.0.0
targets:
    neode:
        source: Neode API
        sourceNamespace: neode-api
        sourceRevisionDigest: sha256:9c9067c39d83142a34a5b8fc9efa6a270f55b850c5a98f0b138d2090ab5fcf54
        sourceBlobDigest: sha256:5b54e9ab85f1ee6603b06f3418ebbf4fa985d2fdb9441ef42ad3cbad2df77d9f
        codeSamplesNamespace: neode-api-code-samples
        codeSamplesRevisionDigest: sha256:ac65dcc7d16611eccaeb75cae40cee1ccc9d2029b55dde9056e737d0f6c0117d
workflow:
    workflowVersion: 1.0.0
    speakeasyVersion: latest
    sources:
        Neode API:
            inputs:
                - location: openapi.json
            overlays:
                - location: .speakeasy/speakeasy-modifications-overlay.yaml
            output: .speakeasy/out.openapi.yaml
            registry:
                location: registry.speakeasyapi.dev/neode/neode-python/neode-api
    targets:
        neode:
            target: python
            source: Neode API
            publish:
                pypi:
                    token: $pypi_token
            codeSamples:
                registry:
                    location: registry.speakeasyapi.dev/neode/neode-python/neode-api-code-samples
                labelOverride:
                    fixedValue: Python (SDK)
                blocking: false
