speakeasyVersion: 1.700.2
sources:
    Neode API:
        sourceNamespace: neode-api
        sourceRevisionDigest: sha256:c2c507d7364ededd5b9a1ccb317dfe0379b62d6dec665959360fcd13c022c6eb
        sourceBlobDigest: sha256:1d031ce371476ba6593ac88997bd0b706a42a706b373133bc2e577319d228ac2
        tags:
            - latest
            - 1.0.0
targets:
    neode:
        source: Neode API
        sourceNamespace: neode-api
        sourceRevisionDigest: sha256:c2c507d7364ededd5b9a1ccb317dfe0379b62d6dec665959360fcd13c022c6eb
        sourceBlobDigest: sha256:1d031ce371476ba6593ac88997bd0b706a42a706b373133bc2e577319d228ac2
        codeSamplesNamespace: neode-api-code-samples
        codeSamplesRevisionDigest: sha256:9908a09e4be67492b68ee15257042479a4a798feb4b9be894b2afa3fcad0af4b
workflow:
    workflowVersion: 1.0.0
    speakeasyVersion: latest
    sources:
        Neode API:
            inputs:
                - location: openapi.json
            overlays:
                - location: .speakeasy/speakeasy-modifications-overlay.yaml
            output: .speakeasy/out.openapi.yaml
            registry:
                location: registry.speakeasyapi.dev/neode/neode-python/neode-api
    targets:
        neode:
            target: python
            source: Neode API
            publish:
                pypi:
                    token: $pypi_token
            codeSamples:
                registry:
                    location: registry.speakeasyapi.dev/neode/neode-python/neode-api-code-samples
                labelOverride:
                    fixedValue: Python (SDK)
                blocking: false
