speakeasyVersion: 1.700.2
sources:
    Neode API:
        sourceNamespace: neode-api
        sourceRevisionDigest: sha256:6293b5816f38f7d393eb18fa796281ba7da422f750a555a003989b84b8cadb89
        sourceBlobDigest: sha256:edb4f889800adfc1bb0ebf640a3e0cde3c0a1bc900f77b4bd2d3514974f21ec1
        tags:
            - latest
            - 1.0.0
targets:
    neode:
        source: Neode API
        sourceNamespace: neode-api
        sourceRevisionDigest: sha256:6293b5816f38f7d393eb18fa796281ba7da422f750a555a003989b84b8cadb89
        sourceBlobDigest: sha256:edb4f889800adfc1bb0ebf640a3e0cde3c0a1bc900f77b4bd2d3514974f21ec1
        codeSamplesNamespace: neode-api-code-samples
        codeSamplesRevisionDigest: sha256:6d4c37ae5b910249e2e6663116769010ad5cbb4c775b895c15542114e4cdbb43
workflow:
    workflowVersion: 1.0.0
    speakeasyVersion: latest
    sources:
        Neode API:
            inputs:
                - location: openapi.json
            overlays:
                - location: .speakeasy/speakeasy-modifications-overlay.yaml
            output: .speakeasy/out.openapi.yaml
            registry:
                location: registry.speakeasyapi.dev/neode/neode-python/neode-api
    targets:
        neode:
            target: python
            source: Neode API
            publish:
                pypi:
                    token: $pypi_token
            codeSamples:
                registry:
                    location: registry.speakeasyapi.dev/neode/neode-python/neode-api-code-samples
                labelOverride:
                    fixedValue: Python (SDK)
                blocking: false
